
Microsoft Visual Studio Solution File, Format Version 12.00
# Visual Studio Version 16
VisualStudioVersion = 16.0.30011.22
MinimumVisualStudioVersion = 10.0.40219.1
Project("{FAE04EC0-301F-11D3-BF4B-00C04F79EFBC}") = "Modul4", "Modul4\Modul4.csproj", "{7D847259-E552-4643-8552-4A05B204347F}"
EndProject
Global
	GlobalSection(SolutionConfigurationPlatforms) = preSolution
		Debug|Any CPU = Debug|Any CPU
		Release|Any CPU = Release|Any CPU
	EndGlobalSection
	GlobalSection(ProjectConfigurationPlatforms) = postSolution
		{7D847259-E552-4643-8552-4A05B204347F}.Debug|Any CPU.ActiveCfg = Debug|Any CPU
		{7D847259-E552-4643-8552-4A05B204347F}.Debug|Any CPU.Build.0 = Debug|Any CPU
		{7D847259-E552-4643-8552-4A05B204347F}.Release|Any CPU.ActiveCfg = Release|Any CPU
		{7D847259-E552-4643-8552-4A05B204347F}.Release|Any CPU.Build.0 = Release|Any CPU
	EndGlobalSection
	GlobalSection(SolutionProperties) = preSolution
		HideSolutionNode = FALSE
	EndGlobalSection
	GlobalSection(ExtensibilityGlobals) = postSolution
		SolutionGuid = {4444A20F-2ADC-43F9-9DED-125D047A202A}
	EndGlobalSection
EndGlobal
