
Microsoft Visual Studio Solution File, Format Version 12.00
# Visual Studio 15
VisualStudioVersion = 15.0.28307.421
MinimumVisualStudioVersion = 10.0.40219.1
Project("{FAE04EC0-301F-11D3-BF4B-00C04F79EFBC}") = "Modul_raportow", "Modul_raportow\Modul_raportow.csproj", "{E17F87BA-F8DC-4784-B1DA-3EBE2714E643}"
EndProject
Project("{FAE04EC0-301F-11D3-BF4B-00C04F79EFBC}") = "Modul_raportow_testy", "Modul_raportow_testy\Modul_raportow_testy.csproj", "{966F12B2-6E01-46B8-9493-9086DB51FCA9}"
	ProjectSection(ProjectDependencies) = postProject
		{E17F87BA-F8DC-4784-B1DA-3EBE2714E643} = {E17F87BA-F8DC-4784-B1DA-3EBE2714E643}
	EndProjectSection
EndProject
Global
	GlobalSection(SolutionConfigurationPlatforms) = preSolution
		Debug|Any CPU = Debug|Any CPU
		Release|Any CPU = Release|Any CPU
	EndGlobalSection
	GlobalSection(ProjectConfigurationPlatforms) = postSolution
		{E17F87BA-F8DC-4784-B1DA-3EBE2714E643}.Debug|Any CPU.ActiveCfg = Debug|Any CPU
		{E17F87BA-F8DC-4784-B1DA-3EBE2714E643}.Debug|Any CPU.Build.0 = Debug|Any CPU
		{E17F87BA-F8DC-4784-B1DA-3EBE2714E643}.Release|Any CPU.ActiveCfg = Release|Any CPU
		{E17F87BA-F8DC-4784-B1DA-3EBE2714E643}.Release|Any CPU.Build.0 = Release|Any CPU
		{966F12B2-6E01-46B8-9493-9086DB51FCA9}.Debug|Any CPU.ActiveCfg = Debug|Any CPU
		{966F12B2-6E01-46B8-9493-9086DB51FCA9}.Debug|Any CPU.Build.0 = Debug|Any CPU
		{966F12B2-6E01-46B8-9493-9086DB51FCA9}.Release|Any CPU.ActiveCfg = Release|Any CPU
		{966F12B2-6E01-46B8-9493-9086DB51FCA9}.Release|Any CPU.Build.0 = Release|Any CPU
	EndGlobalSection
	GlobalSection(SolutionProperties) = preSolution
		HideSolutionNode = FALSE
	EndGlobalSection
	GlobalSection(ExtensibilityGlobals) = postSolution
		SolutionGuid = {97D0ADFF-27F2-4912-84AF-3F965811773B}
	EndGlobalSection
EndGlobal
